filippo.io/edwards25519 v1.1.0 h1:FNf4tywRC1HmFuKW5xopWpigGjJKiJSV0Cqo0cJWDaA=
filippo.io/edwards25519 v1.1.0/go.mod h1:BxyFTGdWcka3PhytdK4V28tE5sGfRvvvRV7EaN4VDT4=
github.com/aws/aws-sdk-go-v2 v1.38.2 h1:QUkLO1aTW0yqW95pVzZS0LGFanL71hJ0a49w4TJLMyM=
github.com/aws/aws-sdk-go-v2 v1.38.2/go.mod h1:sDioUELIUO9Znk23YVmIk86/9DOpkbyyVb1i/gUNFXY=
github.com/aws/aws-sdk-go-v2/config v1.31.4 h1:aY2IstXOfjdLtr1lDvxFBk5DpBnHgS5GS3jgR/0BmPw=
github.com/aws/aws-sdk-go-v2/config v1.31.4/go.mod h1:1IAykiegrTp6n+CbZoCpW6kks1I74fEDgl2BPQSkLSU=
github.com/aws/aws-sdk-go-v2/credentials v1.18.8 h1:0FfdP0I9gs/f1rwtEdkcEdsclTEkPB8o6zWUG2Z8+IM=
github.com/aws/aws-sdk-go-v2/credentials v1.18.8/go.mod h1:9UReQ1UmGooX93JKzHyr7PRF3F+p3r+PmRwR7+qHJYA=
github.com/aws/aws-sdk-go-v2/feature/ec2/imds v1.18.5 h1:ul7hICbZ5Z/Pp9VnLVGUVe7rqYLXCyIiPU7hQ0sRkow=
github.com/aws/aws-sdk-go-v2/feature/ec2/imds v1.18.5/go.mod h1:5cIWJ0N6Gjj+72Q6l46DeaNtcxXHV42w/Uq3fIfeUl4=
github.com/aws/aws-sdk-go-v2/internal/configsources v1.4.5 h1:d45S2DqHZOkHu0uLUW92VdBoT5v0hh3EyR+DzMEh3ag=
github.com/aws/aws-sdk-go-v2/internal/configsources v1.4.5/go.mod h1:G6e/dR2c2huh6JmIo9SXysjuLuDDGWMeYGibfW2ZrXg=
github.com/aws/aws-sdk-go-v2/internal/endpoints/v2 v2.7.5 h1:ENhnQOV3SxWHplOqNN1f+uuCNf9n4Y/PKpl6b1WRP0Q=
github.com/aws/aws-sdk-go-v2/internal/endpoints/v2 v2.7.5/go.mod h1:csQLMI+odbC0/J+UecSTztG70Dc4aTCOu4GyPNDNpVo=
github.com/aws/aws-sdk-go-v2/internal/ini v1.8.3 h1:bIqFDwgGXXN1Kpp99pDOdKMTTb5d2KyU5X/BZxjOkRo=
github.com/aws/aws-sdk-go-v2/internal/ini v1.8.3/go.mod h1:H5O/EsxDWyU+LP/V8i5sm8cxoZgc2fdNR9bxlOFrQTo=
github.com/aws/aws-sdk-go-v2/service/internal/accept-encoding v1.13.1 h1:oegbebPEMA/1Jny7kvwejowCaHz1FWZAQ94WXFNCyTM=
github.com/aws/aws-sdk-go-v2/service/internal/accept-encoding v1.13.1/go.mod h1:kemo5Myr9ac0U9JfSjMo9yHLtw+pECEHsFtJ9tqCEI8=
github.com/aws/aws-sdk-go-v2/service/internal/presigned-url v1.13.5 h1:Cx1M/UUgYu9UCQnIMKaOhkVaFvLy1HneD6T4sS/DlKg=
github.com/aws/aws-sdk-go-v2/service/internal/presigned-url v1.13.5/go.mod h1:fTRNLgrTvPpEzGqc9QkeO4hu/3ng+mdtUbL8shUwXz4=
github.com/aws/aws-sdk-go-v2/service/sqs v1.42.2 h1:Ett9kEV+1g6yGyz6atUz6rhPgFT8B/Z7Pz6CjTP0JYc=
github.com/aws/aws-sdk-go-v2/service/sqs v1.42.2/go.mod h1:nTr1GkJF+JsCWURFDQSqGqBLJvJUCpBaTCBmZJ4rXuE=
github.com/aws/aws-sdk-go-v2/service/sso v1.28.3 h1:z6lajFT/qGlLRB/I8V5CCklqSuWZKUkdwRAn9leIkiQ=
github.com/aws/aws-sdk-go-v2/service/sso v1.28.3/go.mod h1:BnyjuIX0l+KXJVl2o9Ki3Zf0M4pA2hQYopFCRUj9ADU=
github.com/aws/aws-sdk-go-v2/service/ssooidc v1.34.1 h1:8yI3jK5JZ310S8RpgdZdzwvlvBu3QbG8DP7Be/xJ6yo=
github.com/aws/aws-sdk-go-v2/service/ssooidc v1.34.1/go.mod h1:HPzXfFgrLd02lYpcFYdDz5xZs94LOb+lWlvbAGaeMsk=
github.com/aws/aws-sdk-go-v2/service/sts v1.38.1 h1:3kWmIg5iiWPMBJyq/I55Fki5fyfoMtrn/SkUIpxPwHQ=
github.com/aws/aws-sdk-go-v2/service/sts v1.38.1/go.mod h1:yi0b3Qez6YamRVJ+Rbi19IgvjfjPODgVRhkWA6RTMUM=
github.com/aws/smithy-go v1.23.0 h1:8n6I3gXzWJB2DxBDnfxgBaSX6oe0d/t10qGz7OKqMCE=
github.com/aws/smithy-go v1.23.0/go.mod h1:t1ufH5HMublsJYulve2RKmHDC15xu1f26kHCp/HgceI=
github.com/beorn7/perks v1.0.1 h1:VlbKKnNfV8bJzeqoa4cOKqO6bYr3WgKZxO8Z16+hsOM=
github.com/beorn7/perks v1.0.1/go.mod h1:G2ZrVWU2WbWT9wwq4/hrbKbnv/1ERSJQ0ibhJ6rlkpw=
github.com/cespare/xxhash/v2 v2.3.0 h1:UL815xU9SqsFlibzuggzjXhog7bL6oX9BbNZnL2UFvs=
github.com/cespare/xxhash/v2 v2.3.0/go.mod h1:VGX0DQ3Q6kWi7AoAeZDth3/j3BFtOZR5XLFGgcrjCOs=
github.com/davecgh/go-spew v1.1.1 h1:vj9j/u1bqnvCEfJOwUhtlOARqs3+rkHYY13jYWTU97c=
github.com/davecgh/go-spew v1.1.1/go.mod h1:J7Y8YcW2NihsgmVo/mv3lAwl/skON4iLHjSsI+c5H38=
github.com/go-sql-driver/mysql v1.8.1 h1:LedoTUt/eveggdHS9qUFC1EFSa8bU2+1pZjSRpvNJ1Y=
github.com/go-sql-driver/mysql v1.8.1/go.mod h1:wEBSXgmK//2ZFJyE+qWnIsVGmvmEKlqwuVSjsCm7DZg=
github.com/google/go-cmp v0.7.0 h1:wk8382ETsv4JYUZwIsn6YpYiWiBsYLSJiTsyBybVuN8=
github.com/google/go-cmp v0.7.0/go.mod h1:pXiqmnSA92OHEEa9HXL2W4E7lf9JzCmGVUdgjX3N/iU=
github.com/jmoiron/sqlx v1.4.0 h1:1PLqN7S1UYp5t4SrVVnt4nUVNemrDAtxlulVe+Qgm3o=
github.com/jmoiron/sqlx v1.4.0/go.mod h1:ZrZ7UsYB/weZdl2Bxg6jCRO9c3YHl8r3ahlKmRT4JLY=
github.com/klauspost/compress v1.18.0 h1:c/Cqfb0r+Yi+JtIEq73FWXVkRonBlf0CRNYc8Zttxdo=
github.com/klauspost/compress v1.18.0/go.mod h1:2Pp+KzxcywXVXMr50+X0Q/Lsb43OQHYWRCY2AiWywWQ=
github.com/kylelemons/godebug v1.1.0 h1:RPNrshWIDI6G2gRW9EHilWtl7Z6Sb1BR0xunSBf0SNc=
github.com/kylelemons/godebug v1.1.0/go.mod h1:9/0rRGxNHcop5bhtWyNeEfOS8JIWk580+fNqagV/RAw=
github.com/lib/pq v1.10.9 h1:YXG7RB+JIjhP29X+OtkiDnYaXQwpS4JEWq7dtCCRUEw=
github.com/lib/pq v1.10.9/go.mod h1:AlVN5x4E4T544tWzH6hKfbfQvm3HdbOxrmggDNAPY9o=
github.com/mattn/go-sqlite3 v1.14.22 h1:2gZY6PC6kBnID23Tichd1K+Z0oS6nE/XwU+Vz/5o4kU=
github.com/mattn/go-sqlite3 v1.14.22/go.mod h1:Uh1q+B4BYcTPb+yiD3kU8Ct7aC0hY9fxUwlHK0RXw+Y=
github.com/munnerz/goautoneg v0.0.0-20191010083416-a7dc8b61c822 h1:C3w9PqII01/Oq1c1nUAm88MOHcQC9l5mIlSMApZMrHA=
github.com/munnerz/goautoneg v0.0.0-20191010083416-a7dc8b61c822/go.mod h1:+n7T8mK8HuQTcFwEeznm/DIxMOiR9yIdICNftLE1DvQ=
github.com/pmezard/go-difflib v1.0.0 h1:4DBwDE0NGyQoBHbLQYPwSUPoCMWR5BEzIk/f1lZbAQM=
github.com/pmezard/go-difflib v1.0.0/go.mod h1:iKH77koFhYxTK1pcRnkKkqfTogsbg7gZNVY4sRDYZ/4=
github.com/prometheus/client_golang v1.23.0 h1:ust4zpdl9r4trLY/gSjlm07PuiBq2ynaXXlptpfy8Uc=
github.com/prometheus/client_golang v1.23.0/go.mod h1:i/o0R9ByOnHX0McrTMTyhYvKE4haaf2mW08I+jGAjEE=
github.com/prometheus/client_model v0.6.2 h1:oBsgwpGs7iVziMvrGhE53c/GrLUsZdHnqNwqPLxwZyk=
github.com/prometheus/client_model v0.6.2/go.mod h1:y3m2F6Gdpfy6Ut/GBsUqTWZqCUvMVzSfMLjcu6wAwpE=
github.com/prometheus/common v0.65.0 h1:QDwzd+G1twt//Kwj/Ww6E9FQq1iVMmODnILtW1t2VzE=
github.com/prometheus/common v0.65.0/go.mod h1:0gZns+BLRQ3V6NdaerOhMbwwRbNh9hkGINtQAsP5GS8=
github.com/prometheus/procfs v0.16.1 h1:hZ15bTNuirocR6u0JZ6BAHHmwS1p8B4P6MRqxtzMyRg=
github.com/prometheus/procfs v0.16.1/go.mod h1:teAbpZRB1iIAJYREa1LsoWUXykVXA1KlTmWl8x/U+Is=
github.com/stretchr/testify v1.11.1 h1:7s2iGBzp5EwR7/aIZr8ao5+dra3wiQyKjjFuvgVKu7U=
github.com/stretchr/testify v1.11.1/go.mod h1:wZwfW3scLgRK+23gO65QZefKpKQRnfz6sD981Nm4B6U=
go.uber.org/goleak v1.3.0 h1:2K3zAYmnTNqV73imy9J1T3WC+gmCePx2hEGkimedGto=
go.uber.org/goleak v1.3.0/go.mod h1:CoHD4mav9JJNrW/WLlf7HGZPjdw8EucARQHekz1X6bE=
go.uber.org/multierr v1.10.0 h1:S0h4aNzvfcFsC3dRF1jLoaov7oRaKqRGC/pUEJ2yvPQ=
go.uber.org/multierr v1.10.0/go.mod h1:20+QtiLqy0Nd6FdQB9TLXag12DsQkrbs3htMFfDN80Y=
go.uber.org/zap v1.27.0 h1:aJMhYGrd5QSmlpLMr2MftRKl7t8J8PTZPA732ud/XR8=
go.uber.org/zap v1.27.0/go.mod h1:GB2qFLM7cTU87MWRP2mPIjqfIDnGu+VIO4V/SdhGo2E=
golang.org/x/sys v0.33.0 h1:q3i8TbbEz+JRD9ywIRlyRAQbM0qF7hu24q3teo2hbuw=
golang.org/x/sys v0.33.0/go.mod h1:BJP2sWEmIv4KK5OTEluFJCKSidICx8ciO85XgH3Ak8k=
google.golang.org/protobuf v1.36.6 h1:z1NpPI8ku2WgiWnf+t9wTPsn6eP1L7ksHUlkfLvd9xY=
google.golang.org/protobuf v1.36.6/go.mod h1:jduwjTPXsFjZGTmRluh+L6NjiWu7pchiJ2/5YcXBHnY=
gopkg.in/yaml.v3 v3.0.1 h1:fxVm/GzAzEWqLHuvctI91KS9hhNmmWOoWu0XTYJS7CA=
gopkg.in/yaml.v3 v3.0.1/go.mod h1:K4uyk7z7BCEPqu6E+C64Yfv1cQ7kz7rIZviUmN+EgEM=
